// !$*UTF8*$!
{
	archiveVersion = 1;
	classes = {
	};
	objectVersion = 56;
	objects = {

/* Begin PBXBuildFile section */
		6A7D5FEF2A9C7D0300442F25 /* AppDelegate.swift in Sources */ = {isa = PBXBuildFile; fileRef = 6A7D5FEE2A9C7D0300442F25 /* AppDelegate.swift */; };
		6A7D5FF12A9C7D0300442F25 /* SceneDelegate.swift in Sources */ = {isa = PBXBuildFile; fileRef = 6A7D5FF02A9C7D0300442F25 /* SceneDelegate.swift */; };
		6A7D5FF32A9C7D0300442F25 /* ViewController.swift in Sources */ = {isa = PBXBuildFile; fileRef = 6A7D5FF22A9C7D0300442F25 /* ViewController.swift */; };
		6A7D5FF82A9C7D0400442F25 /* Assets.xcassets in Resources */ = {isa = PBXBuildFile; fileRef = 6A7D5FF72A9C7D0400442F25 /* Assets.xcassets */; };
		6A7D5FFB2A9C7D0400442F25 /* LaunchScreen.storyboard in Resources */ = {isa = PBXBuildFile; fileRef = 6A7D5FF92A9C7D0400442F25 /* LaunchScreen.storyboard */; };
		6A7D60062A9C7E1A00442F25 /* Todo.swift in Sources */ = {isa = PBXBuildFile; fileRef = 6A7D60052A9C7E1A00442F25 /* Todo.swift */; };
		6A7D600A2A9C7FF800442F25 /* TodoListMananger.swift in Sources */ = {isa = PBXBuildFile; fileRef = 6A7D60092A9C7FF800442F25 /* TodoListMananger.swift */; };
		6AEFAB252A9C9E4600CA9FC1 /* TodoTableViewController.swift in Sources */ = {isa = PBXBuildFile; fileRef = 6AEFAB242A9C9E4600CA9FC1 /* TodoTableViewController.swift */; };
		6AEFAB272A9CA16000CA9FC1 /* MyTableViewCell.swift in Sources */ = {isa = PBXBuildFile; fileRef = 6AEFAB262A9CA16000CA9FC1 /* MyTableViewCell.swift */; };
		6AEFAB292A9CA40600CA9FC1 /* DetailViewController.swift in Sources */ = {isa = PBXBuildFile; fileRef = 6AEFAB282A9CA40600CA9FC1 /* DetailViewController.swift */; };
		6AEFAB2B2A9CA61600CA9FC1 /* DetailView.swift in Sources */ = {isa = PBXBuildFile; fileRef = 6AEFAB2A2A9CA61600CA9FC1 /* DetailView.swift */; };
/* End PBXBuildFile section */

/* Begin PBXFileReference section */
		6A7D5FEB2A9C7D0300442F25 /* TodoCode.app */ = {isa = PBXFileReference; explicitFileType = wrapper.application; includeInIndex = 0; path = TodoCode.app; sourceTree = BUILT_PRODUCTS_DIR; };
		6A7D5FEE2A9C7D0300442F25 /* AppDelegate.swift */ = {isa = PBXFileReference; lastKnownFileType = sourcecode.swift; path = AppDelegate.swift; sourceTree = "<group>"; };
		6A7D5FF02A9C7D0300442F25 /* SceneDelegate.swift */ = {isa = PBXFileReference; lastKnownFileType = sourcecode.swift; path = SceneDelegate.swift; sourceTree = "<group>"; };
		6A7D5FF22A9C7D0300442F25 /* ViewController.swift */ = {isa = PBXFileReference; lastKnownFileType = sourcecode.swift; path = ViewController.swift; sourceTree = "<group>"; };
		6A7D5FF72A9C7D0400442F25 /* Assets.xcassets */ = {isa = PBXFileReference; lastKnownFileType = folder.assetcatalog; path = Assets.xcassets; sourceTree = "<group>"; };
		6A7D5FFA2A9C7D0400442F25 /* Base */ = {isa = PBXFileReference; lastKnownFileType = file.storyboard; name = Base; path = Base.lproj/LaunchScreen.storyboard; sourceTree = "<group>"; };
		6A7D5FFC2A9C7D0400442F25 /* Info.plist */ = {isa = PBXFileReference; lastKnownFileType = text.plist.xml; path = Info.plist; sourceTree = "<group>"; };
		6A7D60052A9C7E1A00442F25 /* Todo.swift */ = {isa = PBXFileReference; lastKnownFileType = sourcecode.swift; path = Todo.swift; sourceTree = "<group>"; };
		6A7D60092A9C7FF800442F25 /* TodoListMananger.swift */ = {isa = PBXFileReference; lastKnownFileType = sourcecode.swift; path = TodoListMananger.swift; sourceTree = "<group>"; };
		6AEFAB242A9C9E4600CA9FC1 /* TodoTableViewController.swift */ = {isa = PBXFileReference; lastKnownFileType = sourcecode.swift; path = TodoTableViewController.swift; sourceTree = "<group>"; };
		6AEFAB262A9CA16000CA9FC1 /* MyTableViewCell.swift */ = {isa = PBXFileReference; lastKnownFileType = sourcecode.swift; path = MyTableViewCell.swift; sourceTree = "<group>"; };
		6AEFAB282A9CA40600CA9FC1 /* DetailViewController.swift */ = {isa = PBXFileReference; lastKnownFileType = sourcecode.swift; path = DetailViewController.swift; sourceTree = "<group>"; };
		6AEFAB2A2A9CA61600CA9FC1 /* DetailView.swift */ = {isa = PBXFileReference; lastKnownFileType = sourcecode.swift; path = DetailView.swift; sourceTree = "<group>"; };
/* End PBXFileReference section */

/* Begin PBXFrameworksBuildPhase section */
		6A7D5FE82A9C7D0300442F25 /* Frameworks */ = {
			isa = PBXFrameworksBuildPhase;
			buildActionMask = 2147483647;
			files = (
			);
			runOnlyForDeploymentPostprocessing = 0;
		};
/* End PBXFrameworksBuildPhase section */

/* Begin PBXGroup section */
		6A7D5FE22A9C7D0200442F25 = {
			isa = PBXGroup;
			children = (
				6A7D5FED2A9C7D0300442F25 /* TodoCode */,
				6A7D5FEC2A9C7D0300442F25 /* Products */,
			);
			sourceTree = "<group>";
		};
		6A7D5FEC2A9C7D0300442F25 /* Products */ = {
			isa = PBXGroup;
			children = (
				6A7D5FEB2A9C7D0300442F25 /* TodoCode.app */,
			);
			name = Products;
			sourceTree = "<group>";
		};
		6A7D5FED2A9C7D0300442F25 /* TodoCode */ = {
			isa = PBXGroup;
			children = (
				6A7D5FEE2A9C7D0300442F25 /* AppDelegate.swift */,
				6A7D5FF02A9C7D0300442F25 /* SceneDelegate.swift */,
				6A7D60042A9C7DFB00442F25 /* Models */,
				6A7D60032A9C7DED00442F25 /* Views */,
				6A7D60022A9C7DE000442F25 /* Controllers */,
				6A7D5FF72A9C7D0400442F25 /* Assets.xcassets */,
				6A7D5FF92A9C7D0400442F25 /* LaunchScreen.storyboard */,
				6A7D5FFC2A9C7D0400442F25 /* Info.plist */,
			);
			path = TodoCode;
			sourceTree = "<group>";
		};
		6A7D60022A9C7DE000442F25 /* Controllers */ = {
			isa = PBXGroup;
			children = (
				6A7D5FF22A9C7D0300442F25 /* ViewController.swift */,
				6AEFAB242A9C9E4600CA9FC1 /* TodoTableViewController.swift */,
				6AEFAB282A9CA40600CA9FC1 /* DetailViewController.swift */,
			);
			path = Controllers;
			sourceTree = "<group>";
		};
		6A7D60032A9C7DED00442F25 /* Views */ = {
			isa = PBXGroup;
			children = (
				6AEFAB262A9CA16000CA9FC1 /* MyTableViewCell.swift */,
				6AEFAB2A2A9CA61600CA9FC1 /* DetailView.swift */,
			);
			path = Views;
			sourceTree = "<group>";
		};
		6A7D60042A9C7DFB00442F25 /* Models */ = {
			isa = PBXGroup;
			children = (
				6A7D60052A9C7E1A00442F25 /* Todo.swift */,
				6A7D60092A9C7FF800442F25 /* TodoListMananger.swift */,
			);
			path = Models;
			sourceTree = "<group>";
		};
/* End PBXGroup section */

/* Begin PBXNativeTarget section */
		6A7D5FEA2A9C7D0300442F25 /* TodoCode */ = {
			isa = PBXNativeTarget;
			buildConfigurationList = 6A7D5FFF2A9C7D0400442F25 /* Build configuration list for PBXNativeTarget "TodoCode" */;
			buildPhases = (
				6A7D5FE72A9C7D0300442F25 /* Sources */,
				6A7D5FE82A9C7D0300442F25 /* Frameworks */,
				6A7D5FE92A9C7D0300442F25 /* Resources */,
			);
			buildRules = (
			);
			dependencies = (
			);
			name = TodoCode;
			productName = TodoCode;
			productReference = 6A7D5FEB2A9C7D0300442F25 /* TodoCode.app */;
			productType = "com.apple.product-type.application";
		};
/* End PBXNativeTarget section */

/* Begin PBXProject section */
		6A7D5FE32A9C7D0300442F25 /* Project object */ = {
			isa = PBXProject;
			attributes = {
				BuildIndependentTargetsInParallel = 1;
				LastSwiftUpdateCheck = 1430;
				LastUpgradeCheck = 1430;
				TargetAttributes = {
					6A7D5FEA2A9C7D0300442F25 = {
						CreatedOnToolsVersion = 14.3.1;
					};
				};
			};
			buildConfigurationList = 6A7D5FE62A9C7D0300442F25 /* Build configuration list for PBXProject "TodoCode" */;
			compatibilityVersion = "Xcode 14.0";
			developmentRegion = en;
			hasScannedForEncodings = 0;
			knownRegions = (
				en,
				Base,
			);
			mainGroup = 6A7D5FE22A9C7D0200442F25;
			productRefGroup = 6A7D5FEC2A9C7D0300442F25 /* Products */;
			projectDirPath = "";
			projectRoot = "";
			targets = (
				6A7D5FEA2A9C7D0300442F25 /* TodoCode */,
			);
		};
/* End PBXProject section */

/* Begin PBXResourcesBuildPhase section */
		6A7D5FE92A9C7D0300442F25 /* Resources */ = {
			isa = PBXResourcesBuildPhase;
			buildActionMask = 2147483647;
			files = (
				6A7D5FFB2A9C7D0400442F25 /* LaunchScreen.storyboard in Resources */,
				6A7D5FF82A9C7D0400442F25 /* Assets.xcassets in Resources */,
			);
			runOnlyForDeploymentPostprocessing = 0;
		};
/* End PBXResourcesBuildPhase section */

/* Begin PBXSourcesBuildPhase section */
		6A7D5FE72A9C7D0300442F25 /* Sources */ = {
			isa = PBXSourcesBuildPhase;
			buildActionMask = 2147483647;
			files = (
				6AEFAB272A9CA16000CA9FC1 /* MyTableViewCell.swift in Sources */,
				6AEFAB2B2A9CA61600CA9FC1 /* DetailView.swift in Sources */,
				6A7D600A2A9C7FF800442F25 /* TodoListMananger.swift in Sources */,
				6AEFAB252A9C9E4600CA9FC1 /* TodoTableViewController.swift in Sources */,
				6A7D5FF32A9C7D0300442F25 /* ViewController.swift in Sources */,
				6A7D5FEF2A9C7D0300442F25 /* AppDelegate.swift in Sources */,
				6A7D5FF12A9C7D0300442F25 /* SceneDelegate.swift in Sources */,
				6A7D60062A9C7E1A00442F25 /* Todo.swift in Sources */,
				6AEFAB292A9CA40600CA9FC1 /* DetailViewController.swift in Sources */,
			);
			runOnlyForDeploymentPostprocessing = 0;
		};
/* End PBXSourcesBuildPhase section */

/* Begin PBXVariantGroup section */
		6A7D5FF92A9C7D0400442F25 /* LaunchScreen.storyboard */ = {
			isa = PBXVariantGroup;
			children = (
				6A7D5FFA2A9C7D0400442F25 /* Base */,
			);
			name = LaunchScreen.storyboard;
			sourceTree = "<group>";
		};
/* End PBXVariantGroup section */

/* Begin XCBuildConfiguration section */
		6A7D5FFD2A9C7D0400442F25 /* Debug */ = {
			isa = XCBuildConfiguration;
			buildSettings = {
				ALWAYS_SEARCH_USER_PATHS = NO;
				CLANG_ANALYZER_NONNULL = YES;
				CLANG_ANALYZER_NUMBER_OBJECT_CONVERSION = YES_AGGRESSIVE;
				CLANG_CXX_LANGUAGE_STANDARD = "gnu++20";
				CLANG_ENABLE_MODULES = YES;
				CLANG_ENABLE_OBJC_ARC = YES;
				CLANG_ENABLE_OBJC_WEAK = YES;
				CLANG_WARN_BLOCK_CAPTURE_AUTORELEASING = YES;
				CLANG_WARN_BOOL_CONVERSION = YES;
				CLANG_WARN_COMMA = YES;
				CLANG_WARN_CONSTANT_CONVERSION = YES;
				CLANG_WARN_DEPRECATED_OBJC_IMPLEMENTATIONS = YES;
				CLANG_WARN_DIRECT_OBJC_ISA_USAGE = YES_ERROR;
				CLANG_WARN_DOCUMENTATION_COMMENTS = YES;
				CLANG_WARN_EMPTY_BODY = YES;
				CLANG_WARN_ENUM_CONVERSION = YES;
				CLANG_WARN_INFINITE_RECURSION = YES;
				CLANG_WARN_INT_CONVERSION = YES;
				CLANG_WARN_NON_LITERAL_NULL_CONVERSION = YES;
				CLANG_WARN_OBJC_IMPLICIT_RETAIN_SELF = YES;
				CLANG_WARN_OBJC_LITERAL_CONVERSION = YES;
				CLANG_WARN_OBJC_ROOT_CLASS = YES_ERROR;
				CLANG_WARN_QUOTED_INCLUDE_IN_FRAMEWORK_HEADER = YES;
				CLANG_WARN_RANGE_LOOP_ANALYSIS = YES;
				CLANG_WARN_STRICT_PROTOTYPES = YES;
				CLANG_WARN_SUSPICIOUS_MOVE = YES;
				CLANG_WARN_UNGUARDED_AVAILABILITY = YES_AGGRESSIVE;
				CLANG_WARN_UNREACHABLE_CODE = YES;
				CLANG_WARN__DUPLICATE_METHOD_MATCH = YES;
				COPY_PHASE_STRIP = NO;
				DEBUG_INFORMATION_FORMAT = dwarf;
				ENABLE_STRICT_OBJC_MSGSEND = YES;
				ENABLE_TESTABILITY = YES;
				GCC_C_LANGUAGE_STANDARD = gnu11;
				GCC_DYNAMIC_NO_PIC = NO;
				GCC_NO_COMMON_BLOCKS = YES;
				GCC_OPTIMIZATION_LEVEL = 0;
				GCC_PREPROCESSOR_DEFINITIONS = (
					"DEBUG=1",
					"$(inherited)",
				);
				GCC_WARN_64_TO_32_BIT_CONVERSION = YES;
				GCC_WARN_ABOUT_RETURN_TYPE = YES_ERROR;
				GCC_WARN_UNDECLARED_SELECTOR = YES;
				GCC_WARN_UNINITIALIZED_AUTOS = YES_AGGRESSIVE;
				GCC_WARN_UNUSED_FUNCTION = YES;
				GCC_WARN_UNUSED_VARIABLE = YES;
				IPHONEOS_DEPLOYMENT_TARGET = 16.4;
				MTL_ENABLE_DEBUG_INFO = INCLUDE_SOURCE;
				MTL_FAST_MATH = YES;
				ONLY_ACTIVE_ARCH = YES;
				SDKROOT = iphoneos;
				SWIFT_ACTIVE_COMPILATION_CONDITIONS = DEBUG;
				SWIFT_OPTIMIZATION_LEVEL = "-Onone";
			};
			name = Debug;
		};
		6A7D5FFE2A9C7D0400442F25 /* Release */ = {
			isa = XCBuildConfiguration;
			buildSettings = {
				ALWAYS_SEARCH_USER_PATHS = NO;
				CLANG_ANALYZER_NONNULL = YES;
				CLANG_ANALYZER_NUMBER_OBJECT_CONVERSION = YES_AGGRESSIVE;
				CLANG_CXX_LANGUAGE_STANDARD = "gnu++20";
				CLANG_ENABLE_MODULES = YES;
				CLANG_ENABLE_OBJC_ARC = YES;
				CLANG_ENABLE_OBJC_WEAK = YES;
				CLANG_WARN_BLOCK_CAPTURE_AUTORELEASING = YES;
				CLANG_WARN_BOOL_CONVERSION = YES;
				CLANG_WARN_COMMA = YES;
				CLANG_WARN_CONSTANT_CONVERSION = YES;
				CLANG_WARN_DEPRECATED_OBJC_IMPLEMENTATIONS = YES;
				CLANG_WARN_DIRECT_OBJC_ISA_USAGE = YES_ERROR;
				CLANG_WARN_DOCUMENTATION_COMMENTS = YES;
				CLANG_WARN_EMPTY_BODY = YES;
				CLANG_WARN_ENUM_CONVERSION = YES;
				CLANG_WARN_INFINITE_RECURSION = YES;
				CLANG_WARN_INT_CONVERSION = YES;
				CLANG_WARN_NON_LITERAL_NULL_CONVERSION = YES;
				CLANG_WARN_OBJC_IMPLICIT_RETAIN_SELF = YES;
				CLANG_WARN_OBJC_LITERAL_CONVERSION = YES;
				CLANG_WARN_OBJC_ROOT_CLASS = YES_ERROR;
				CLANG_WARN_QUOTED_INCLUDE_IN_FRAMEWORK_HEADER = YES;
				CLANG_WARN_RANGE_LOOP_ANALYSIS = YES;
				CLANG_WARN_STRICT_PROTOTYPES = YES;
				CLANG_WARN_SUSPICIOUS_MOVE = YES;
				CLANG_WARN_UNGUARDED_AVAILABILITY = YES_AGGRESSIVE;
				CLANG_WARN_UNREACHABLE_CODE = YES;
				CLANG_WARN__DUPLICATE_METHOD_MATCH = YES;
				COPY_PHASE_STRIP = NO;
				DEBUG_INFORMATION_FORMAT = "dwarf-with-dsym";
				ENABLE_NS_ASSERTIONS = NO;
				ENABLE_STRICT_OBJC_MSGSEND = YES;
				GCC_C_LANGUAGE_STANDARD = gnu11;
				GCC_NO_COMMON_BLOCKS = YES;
				GCC_WARN_64_TO_32_BIT_CONVERSION = YES;
				GCC_WARN_ABOUT_RETURN_TYPE = YES_ERROR;
				GCC_WARN_UNDECLARED_SELECTOR = YES;
				GCC_WARN_UNINITIALIZED_AUTOS = YES_AGGRESSIVE;
				GCC_WARN_UNUSED_FUNCTION = YES;
				GCC_WARN_UNUSED_VARIABLE = YES;
				IPHONEOS_DEPLOYMENT_TARGET = 16.4;
				MTL_ENABLE_DEBUG_INFO = NO;
				MTL_FAST_MATH = YES;
				SDKROOT = iphoneos;
				SWIFT_COMPILATION_MODE = wholemodule;
				SWIFT_OPTIMIZATION_LEVEL = "-O";
				VALIDATE_PRODUCT = YES;
			};
			name = Release;
		};
		6A7D60002A9C7D0400442F25 /* Debug */ = {
			isa = XCBuildConfiguration;
			buildSettings = {
				ASSETCATALOG_COMPILER_APPICON_NAME = AppIcon;
				ASSETCATALOG_COMPILER_GLOBAL_ACCENT_COLOR_NAME = AccentColor;
				CODE_SIGN_STYLE = Automatic;
				CURRENT_PROJECT_VERSION = 1;
				GENERATE_INFOPLIST_FILE = YES;
				INFOPLIST_FILE = TodoCode/Info.plist;
				INFOPLIST_KEY_UIApplicationSupportsIndirectInputEvents = YES;
				INFOPLIST_KEY_UILaunchStoryboardName = LaunchScreen;
				INFOPLIST_KEY_UISupportedInterfaceOrientations_iPad = "UIInterfaceOrientationPortrait UIInterfaceOrientationPortraitUpsideDown UIInterfaceOrientationLandscapeLeft UIInterfaceOrientationLandscapeRight";
				INFOPLIST_KEY_UISupportedInterfaceOrientations_iPhone = "UIInterfaceOrientationPortrait UIInterfaceOrientationLandscapeLeft UIInterfaceOrientationLandscapeRight";
				LD_RUNPATH_SEARCH_PATHS = (
					"$(inherited)",
					"@executable_path/Frameworks",
				);
				MARKETING_VERSION = 1.0;
				PRODUCT_BUNDLE_IDENTIFIER = com.jds0429.TodoCode;
				PRODUCT_NAME = "$(TARGET_NAME)";
				SWIFT_EMIT_LOC_STRINGS = YES;
				SWIFT_VERSION = 5.0;
				TARGETED_DEVICE_FAMILY = "1,2";
			};
			name = Debug;
		};
		6A7D60012A9C7D0400442F25 /* Release */ = {
			isa = XCBuildConfiguration;
			buildSettings = {
				ASSETCATALOG_COMPILER_APPICON_NAME = AppIcon;
				ASSETCATALOG_COMPILER_GLOBAL_ACCENT_COLOR_NAME = AccentColor;
				CODE_SIGN_STYLE = Automatic;
				CURRENT_PROJECT_VERSION = 1;
				GENERATE_INFOPLIST_FILE = YES;
				INFOPLIST_FILE = TodoCode/Info.plist;
				INFOPLIST_KEY_UIApplicationSupportsIndirectInputEvents = YES;
				INFOPLIST_KEY_UILaunchStoryboardName = LaunchScreen;
				INFOPLIST_KEY_UISupportedInterfaceOrientations_iPad = "UIInterfaceOrientationPortrait UIInterfaceOrientationPortraitUpsideDown UIInterfaceOrientationLandscapeLeft UIInterfaceOrientationLandscapeRight";
				INFOPLIST_KEY_UISupportedInterfaceOrientations_iPhone = "UIInterfaceOrientationPortrait UIInterfaceOrientationLandscapeLeft UIInterfaceOrientationLandscapeRight";
				LD_RUNPATH_SEARCH_PATHS = (
					"$(inherited)",
					"@executable_path/Frameworks",
				);
				MARKETING_VERSION = 1.0;
				PRODUCT_BUNDLE_IDENTIFIER = com.jds0429.TodoCode;
				PRODUCT_NAME = "$(TARGET_NAME)";
				SWIFT_EMIT_LOC_STRINGS = YES;
				SWIFT_VERSION = 5.0;
				TARGETED_DEVICE_FAMILY = "1,2";
			};
			name = Release;
		};
/* End XCBuildConfiguration section */

/* Begin XCConfigurationList section */
		6A7D5FE62A9C7D0300442F25 /* Build configuration list for PBXProject "TodoCode" */ = {
			isa = XCConfigurationList;
			buildConfigurations = (
				6A7D5FFD2A9C7D0400442F25 /* Debug */,
				6A7D5FFE2A9C7D0400442F25 /* Release */,
			);
			defaultConfigurationIsVisible = 0;
			defaultConfigurationName = Release;
		};
		6A7D5FFF2A9C7D0400442F25 /* Build configuration list for PBXNativeTarget "TodoCode" */ = {
			isa = XCConfigurationList;
			buildConfigurations = (
				6A7D60002A9C7D0400442F25 /* Debug */,
				6A7D60012A9C7D0400442F25 /* Release */,
			);
			defaultConfigurationIsVisible = 0;
			defaultConfigurationName = Release;
		};
/* End XCConfigurationList section */
	};
	rootObject = 6A7D5FE32A9C7D0300442F25 /* Project object */;
}
